schema: '2.0'
stages:
  train:
    cmd: python scripts/train.py
    deps:
    - path: data/features/train_features.csv
      hash: md5
      md5: a4d98758fb830c7d073cb98a9f2b2221
      size: 144774568
    - path: params.yaml
      hash: md5
      md5: 6282d0dfd1dff98dfe3710031dd86cfb
      size: 681
    - path: scripts/train.py
      hash: md5
      md5: eeb9ffd20abdf118f803e1bc3a9e2e2f
      size: 7649
    params:
      params.yaml:
        general.random_state: 42
        mlflow.experiment_name: retail-demand-forecasting
        models.linear_regression: true
        models.random_forest:
          enabled: true
          n_estimators: 150
          max_depth: 14
          n_jobs: -1
        models.xgboost:
          enabled: true
          n_estimators: 200
          learning_rate: 0.05
          max_depth: 12
          subsample: 0.8
          colsample_bytree: 0.8
          n_jobs: -1
        split.validation_ratio: 0.2
    outs:
    - path: reports/best_model_summary.json
      hash: md5
      md5: 7bde17866c48f11d69cbc83ec47cc7cc
      size: 136
    - path: reports/model_comparison.csv
      hash: md5
      md5: 4b8669244afd7cdad634b2daa225dfc6
      size: 355
  predict:
    cmd: python scripts/predict.py
    deps:
    - path: data/features/test_features.csv
      hash: md5
      md5: cdfcdd2a5d1cea4ca746390534492220
      size: 6001753
    - path: params.yaml
      hash: md5
      md5: 6282d0dfd1dff98dfe3710031dd86cfb
      size: 681
    - path: reports/model_comparison.csv
      hash: md5
      md5: 4b8669244afd7cdad634b2daa225dfc6
      size: 355
    - path: scripts/predict.py
      hash: md5
      md5: f6b9f0d7529586813019c6625149692b
      size: 2080
    outs:
    - path: reports/predictions.csv
      hash: md5
      md5: d9ae7aa5ad1bdba5ac9ce68cfa86b7ba
      size: 1225576
  evaluate:
    cmd: python scripts/evaluate.py
    deps:
    - path: params.yaml
      hash: md5
      md5: 6282d0dfd1dff98dfe3710031dd86cfb
      size: 681
    - path: reports/best_model_summary.json
      hash: md5
      md5: 7bde17866c48f11d69cbc83ec47cc7cc
      size: 136
    - path: reports/model_comparison.csv
      hash: md5
      md5: 4b8669244afd7cdad634b2daa225dfc6
      size: 355
    - path: scripts/evaluate.py
      hash: md5
      md5: be796f677968e3e6fa3f0b84aff60359
      size: 2957
    outs:
    - path: reports/evaluation_report.txt
      hash: md5
      md5: 0158844448c2b556140e307afbe5e3c5
      size: 469
    - path: reports/final_metrics.json
      hash: md5
      md5: 82e5c2c8a836641ac2b9cb6562c0facc
      size: 204
    - path: reports/model_rmse_comparison.png
      hash: md5
      md5: 8bad084dbf3e96f6bb83611218b275e7
      size: 37232
